// !$*UTF8*$!
{
	archiveVersion = 1;
	classes = {
	};
	objectVersion = 46;
	objects = {

/* Begin PBXBuildFile section */
		1C16F2AC1CFEDF7D0065A48E /* main.m in Sources */ = {isa = PBXBuildFile; fileRef = 1C16F2AB1CFEDF7D0065A48E /* main.m */; };
		1C16F2AF1CFEDF7D0065A48E /* AppDelegate.m in Sources */ = {isa = PBXBuildFile; fileRef = 1C16F2AE1CFEDF7D0065A48E /* AppDelegate.m */; };
		1C16F2B21CFEDF7D0065A48E /* ViewController.m in Sources */ = {isa = PBXBuildFile; fileRef = 1C16F2B11CFEDF7D0065A48E /* ViewController.m */; };
		1C16F2B51CFEDF7D0065A48E /* Main.storyboard in Resources */ = {isa = PBXBuildFile; fileRef = 1C16F2B31CFEDF7D0065A48E /* Main.storyboard */; };
		1C16F2B71CFEDF7D0065A48E /* Assets.xcassets in Resources */ = {isa = PBXBuildFile; fileRef = 1C16F2B61CFEDF7D0065A48E /* Assets.xcassets */; };
		1C16F2BA1CFEDF7D0065A48E /* LaunchScreen.storyboard in Resources */ = {isa = PBXBuildFile; fileRef = 1C16F2B81CFEDF7D0065A48E /* LaunchScreen.storyboard */; };
		1C16F2C51CFEDF7D0065A48E /* DesignPatternsBetaTests.m in Sources */ = {isa = PBXBuildFile; fileRef = 1C16F2C41CFEDF7D0065A48E /* DesignPatternsBetaTests.m */; };
		1C16F2D61CFEDFE60065A48E /* NSObject+Singleton.m in Sources */ = {isa = PBXBuildFile; fileRef = 1C16F2D21CFEDFE60065A48E /* NSObject+Singleton.m */; };
		1C16F2E01CFEE0A30065A48E /* Person.m in Sources */ = {isa = PBXBuildFile; fileRef = 1C16F2DF1CFEE0A30065A48E /* Person.m */; };
/* End PBXBuildFile section */

/* Begin PBXContainerItemProxy section */
		1C16F2C11CFEDF7D0065A48E /* PBXContainerItemProxy */ = {
			isa = PBXContainerItemProxy;
			containerPortal = 1C16F29F1CFEDF7D0065A48E /* Project object */;
			proxyType = 1;
			remoteGlobalIDString = 1C16F2A61CFEDF7D0065A48E;
			remoteInfo = DesignPatternsBeta;
		};
/* End PBXContainerItemProxy section */

/* Begin PBXFileReference section */
		1C16F2A71CFEDF7D0065A48E /* DesignPatternsBeta.app */ = {isa = PBXFileReference; explicitFileType = wrapper.application; includeInIndex = 0; path = DesignPatternsBeta.app; sourceTree = BUILT_PRODUCTS_DIR; };
		1C16F2AB1CFEDF7D0065A48E /* main.m */ = {isa = PBXFileReference; lastKnownFileType = sourcecode.c.objc; path = main.m; sourceTree = "<group>"; };
		1C16F2AD1CFEDF7D0065A48E /* AppDelegate.h */ = {isa = PBXFileReference; lastKnownFileType = sourcecode.c.h; path = AppDelegate.h; sourceTree = "<group>"; };
		1C16F2AE1CFEDF7D0065A48E /* AppDelegate.m */ = {isa = PBXFileReference; lastKnownFileType = sourcecode.c.objc; path = AppDelegate.m; sourceTree = "<group>"; };
		1C16F2B01CFEDF7D0065A48E /* ViewController.h */ = {isa = PBXFileReference; lastKnownFileType = sourcecode.c.h; path = ViewController.h; sourceTree = "<group>"; };
		1C16F2B11CFEDF7D0065A48E /* ViewController.m */ = {isa = PBXFileReference; lastKnownFileType = sourcecode.c.objc; path = ViewController.m; sourceTree = "<group>"; };
		1C16F2B41CFEDF7D0065A48E /* Base */ = {isa = PBXFileReference; lastKnownFileType = file.storyboard; name = Base; path = Base.lproj/Main.storyboard; sourceTree = "<group>"; };
		1C16F2B61CFEDF7D0065A48E /* Assets.xcassets */ = {isa = PBXFileReference; lastKnownFileType = folder.assetcatalog; path = Assets.xcassets; sourceTree = "<group>"; };
		1C16F2B91CFEDF7D0065A48E /* Base */ = {isa = PBXFileReference; lastKnownFileType = file.storyboard; name = Base; path = Base.lproj/LaunchScreen.storyboard; sourceTree = "<group>"; };
		1C16F2BB1CFEDF7D0065A48E /* Info.plist */ = {isa = PBXFileReference; lastKnownFileType = text.plist.xml; path = Info.plist; sourceTree = "<group>"; };
		1C16F2C01CFEDF7D0065A48E /* DesignPatternsBetaTests.xctest */ = {isa = PBXFileReference; explicitFileType = wrapper.cfbundle; includeInIndex = 0; path = DesignPatternsBetaTests.xctest; sourceTree = BUILT_PRODUCTS_DIR; };
		1C16F2C41CFEDF7D0065A48E /* DesignPatternsBetaTests.m */ = {isa = PBXFileReference; lastKnownFileType = sourcecode.c.objc; path = DesignPatternsBetaTests.m; sourceTree = "<group>"; };
		1C16F2C61CFEDF7D0065A48E /* Info.plist */ = {isa = PBXFileReference; lastKnownFileType = text.plist.xml; path = Info.plist; sourceTree = "<group>"; };
		1C16F2D11CFEDFE60065A48E /* NSObject+Singleton.h */ = {isa = PBXFileReference; fileEncoding = 4; lastKnownFileType = sourcecode.c.h; path = "NSObject+Singleton.h"; sourceTree = "<group>"; };
		1C16F2D21CFEDFE60065A48E /* NSObject+Singleton.m */ = {isa = PBXFileReference; fileEncoding = 4; lastKnownFileType = sourcecode.c.objc; path = "NSObject+Singleton.m"; sourceTree = "<group>"; };
		1C16F2DE1CFEE0A30065A48E /* Person.h */ = {isa = PBXFileReference; fileEncoding = 4; lastKnownFileType = sourcecode.c.h; path = Person.h; sourceTree = "<group>"; };
		1C16F2DF1CFEE0A30065A48E /* Person.m */ = {isa = PBXFileReference; fileEncoding = 4; lastKnownFileType = sourcecode.c.objc; path = Person.m; sourceTree = "<group>"; };
/* End PBXFileReference section */

/* Begin PBXFrameworksBuildPhase section */
		1C16F2A41CFEDF7D0065A48E /* Frameworks */ = {
			isa = PBXFrameworksBuildPhase;
			buildActionMask = 2147483647;
			files = (
			);
			runOnlyForDeploymentPostprocessing = 0;
		};
		1C16F2BD1CFEDF7D0065A48E /* Frameworks */ = {
			isa = PBXFrameworksBuildPhase;
			buildActionMask = 2147483647;
			files = (
			);
			runOnlyForDeploymentPostprocessing = 0;
		};
/* End PBXFrameworksBuildPhase section */

/* Begin PBXGroup section */
		1C16F29E1CFEDF7D0065A48E = {
			isa = PBXGroup;
			children = (
				1C16F2A91CFEDF7D0065A48E /* DesignPatternsBeta */,
				1C16F2C31CFEDF7D0065A48E /* DesignPatternsBetaTests */,
				1C16F2A81CFEDF7D0065A48E /* Products */,
			);
			sourceTree = "<group>";
		};
		1C16F2A81CFEDF7D0065A48E /* Products */ = {
			isa = PBXGroup;
			children = (
				1C16F2A71CFEDF7D0065A48E /* DesignPatternsBeta.app */,
				1C16F2C01CFEDF7D0065A48E /* DesignPatternsBetaTests.xctest */,
			);
			name = Products;
			sourceTree = "<group>";
		};
		1C16F2A91CFEDF7D0065A48E /* DesignPatternsBeta */ = {
			isa = PBXGroup;
			children = (
				1C16F2CF1CFEDFA50065A48E /* DP */,
				1C16F2AD1CFEDF7D0065A48E /* AppDelegate.h */,
				1C16F2AE1CFEDF7D0065A48E /* AppDelegate.m */,
				1C16F2B01CFEDF7D0065A48E /* ViewController.h */,
				1C16F2B11CFEDF7D0065A48E /* ViewController.m */,
				1C16F2B31CFEDF7D0065A48E /* Main.storyboard */,
				1C16F2B61CFEDF7D0065A48E /* Assets.xcassets */,
				1C16F2B81CFEDF7D0065A48E /* LaunchScreen.storyboard */,
				1C16F2BB1CFEDF7D0065A48E /* Info.plist */,
				1C16F2AA1CFEDF7D0065A48E /* Supporting Files */,
			);
			path = DesignPatternsBeta;
			sourceTree = "<group>";
		};
		1C16F2AA1CFEDF7D0065A48E /* Supporting Files */ = {
			isa = PBXGroup;
			children = (
				1C16F2AB1CFEDF7D0065A48E /* main.m */,
			);
			name = "Supporting Files";
			sourceTree = "<group>";
		};
		1C16F2C31CFEDF7D0065A48E /* DesignPatternsBetaTests */ = {
			isa = PBXGroup;
			children = (
				1C16F2C41CFEDF7D0065A48E /* DesignPatternsBetaTests.m */,
				1C16F2C61CFEDF7D0065A48E /* Info.plist */,
			);
			path = DesignPatternsBetaTests;
			sourceTree = "<group>";
		};
		1C16F2CF1CFEDFA50065A48E /* DP */ = {
			isa = PBXGroup;
			children = (
				1C16F2D01CFEDFA50065A48E /* Singleton */,
			);
			path = DP;
			sourceTree = "<group>";
		};
		1C16F2D01CFEDFA50065A48E /* Singleton */ = {
			isa = PBXGroup;
			children = (
				1C16F2DD1CFEE0A30065A48E /* test */,
				1C16F2D11CFEDFE60065A48E /* NSObject+Singleton.h */,
				1C16F2D21CFEDFE60065A48E /* NSObject+Singleton.m */,
			);
			path = Singleton;
			sourceTree = "<group>";
		};
		1C16F2DD1CFEE0A30065A48E /* test */ = {
			isa = PBXGroup;
			children = (
				1C16F2DE1CFEE0A30065A48E /* Person.h */,
				1C16F2DF1CFEE0A30065A48E /* Person.m */,
			);
			path = test;
			sourceTree = "<group>";
		};
/* End PBXGroup section */

/* Begin PBXNativeTarget section */
		1C16F2A61CFEDF7D0065A48E /* DesignPatternsBeta */ = {
			isa = PBXNativeTarget;
			buildConfigurationList = 1C16F2C91CFEDF7D0065A48E /* Build configuration list for PBXNativeTarget "DesignPatternsBeta" */;
			buildPhases = (
				1C16F2A31CFEDF7D0065A48E /* Sources */,
				1C16F2A41CFEDF7D0065A48E /* Frameworks */,
				1C16F2A51CFEDF7D0065A48E /* Resources */,
			);
			buildRules = (
			);
			dependencies = (
			);
			name = DesignPatternsBeta;
			productName = DesignPatternsBeta;
			productReference = 1C16F2A71CFEDF7D0065A48E /* DesignPatternsBeta.app */;
			productType = "com.apple.product-type.application";
		};
		1C16F2BF1CFEDF7D0065A48E /* DesignPatternsBetaTests */ = {
			isa = PBXNativeTarget;
			buildConfigurationList = 1C16F2CC1CFEDF7D0065A48E /* Build configuration list for PBXNativeTarget "DesignPatternsBetaTests" */;
			buildPhases = (
				1C16F2BC1CFEDF7D0065A48E /* Sources */,
				1C16F2BD1CFEDF7D0065A48E /* Frameworks */,
				1C16F2BE1CFEDF7D0065A48E /* Resources */,
			);
			buildRules = (
			);
			dependencies = (
				1C16F2C21CFEDF7D0065A48E /* PBXTargetDependency */,
			);
			name = DesignPatternsBetaTests;
			productName = DesignPatternsBetaTests;
			productReference = 1C16F2C01CFEDF7D0065A48E /* DesignPatternsBetaTests.xctest */;
			productType = "com.apple.product-type.bundle.unit-test";
		};
/* End PBXNativeTarget section */

/* Begin PBXProject section */
		1C16F29F1CFEDF7D0065A48E /* Project object */ = {
			isa = PBXProject;
			attributes = {
				LastUpgradeCheck = 0710;
				ORGANIZATIONNAME = ChaohuiChen;
				TargetAttributes = {
					1C16F2A61CFEDF7D0065A48E = {
						CreatedOnToolsVersion = 7.1;
					};
					1C16F2BF1CFEDF7D0065A48E = {
						CreatedOnToolsVersion = 7.1;
						TestTargetID = 1C16F2A61CFEDF7D0065A48E;
					};
				};
			};
			buildConfigurationList = 1C16F2A21CFEDF7D0065A48E /* Build configuration list for PBXProject "DesignPatternsBeta" */;
			compatibilityVersion = "Xcode 3.2";
			developmentRegion = English;
			hasScannedForEncodings = 0;
			knownRegions = (
				en,
				Base,
			);
			mainGroup = 1C16F29E1CFEDF7D0065A48E;
			productRefGroup = 1C16F2A81CFEDF7D0065A48E /* Products */;
			projectDirPath = "";
			projectRoot = "";
			targets = (
				1C16F2A61CFEDF7D0065A48E /* DesignPatternsBeta */,
				1C16F2BF1CFEDF7D0065A48E /* DesignPatternsBetaTests */,
			);
		};
/* End PBXProject section */

/* Begin PBXResourcesBuildPhase section */
		1C16F2A51CFEDF7D0065A48E /* Resources */ = {
			isa = PBXResourcesBuildPhase;
			buildActionMask = 2147483647;
			files = (
				1C16F2BA1CFEDF7D0065A48E /* LaunchScreen.storyboard in Resources */,
				1C16F2B71CFEDF7D0065A48E /* Assets.xcassets in Resources */,
				1C16F2B51CFEDF7D0065A48E /* Main.storyboard in Resources */,
			);
			runOnlyForDeploymentPostprocessing = 0;
		};
		1C16F2BE1CFEDF7D0065A48E /* Resources */ = {
			isa = PBXResourcesBuildPhase;
			buildActionMask = 2147483647;
			files = (
			);
			runOnlyForDeploymentPostprocessing = 0;
		};
/* End PBXResourcesBuildPhase section */

/* Begin PBXSourcesBuildPhase section */
		1C16F2A31CFEDF7D0065A48E /* Sources */ = {
			isa = PBXSourcesBuildPhase;
			buildActionMask = 2147483647;
			files = (
				1C16F2B21CFEDF7D0065A48E /* ViewController.m in Sources */,
				1C16F2D61CFEDFE60065A48E /* NSObject+Singleton.m in Sources */,
				1C16F2E01CFEE0A30065A48E /* Person.m in Sources */,
				1C16F2AF1CFEDF7D0065A48E /* AppDelegate.m in Sources */,
				1C16F2AC1CFEDF7D0065A48E /* main.m in Sources */,
			);
			runOnlyForDeploymentPostprocessing = 0;
		};
		1C16F2BC1CFEDF7D0065A48E /* Sources */ = {
			isa = PBXSourcesBuildPhase;
			buildActionMask = 2147483647;
			files = (
				1C16F2C51CFEDF7D0065A48E /* DesignPatternsBetaTests.m in Sources */,
			);
			runOnlyForDeploymentPostprocessing = 0;
		};
/* End PBXSourcesBuildPhase section */

/* Begin PBXTargetDependency section */
		1C16F2C21CFEDF7D0065A48E /* PBXTargetDependency */ = {
			isa = PBXTargetDependency;
			target = 1C16F2A61CFEDF7D0065A48E /* DesignPatternsBeta */;
			targetProxy = 1C16F2C11CFEDF7D0065A48E /* PBXContainerItemProxy */;
		};
/* End PBXTargetDependency section */

/* Begin PBXVariantGroup section */
		1C16F2B31CFEDF7D0065A48E /* Main.storyboard */ = {
			isa = PBXVariantGroup;
			children = (
				1C16F2B41CFEDF7D0065A48E /* Base */,
			);
			name = Main.storyboard;
			sourceTree = "<group>";
		};
		1C16F2B81CFEDF7D0065A48E /* LaunchScreen.storyboard */ = {
			isa = PBXVariantGroup;
			children = (
				1C16F2B91CFEDF7D0065A48E /* Base */,
			);
			name = LaunchScreen.storyboard;
			sourceTree = "<group>";
		};
/* End PBXVariantGroup section */

/* Begin XCBuildConfiguration section */
		1C16F2C71CFEDF7D0065A48E /* Debug */ = {
			isa = XCBuildConfiguration;
			buildSettings = {
				ALWAYS_SEARCH_USER_PATHS = NO;
				CLANG_CXX_LANGUAGE_STANDARD = "gnu++0x";
				CLANG_CXX_LIBRARY = "libc++";
				CLANG_ENABLE_MODULES = YES;
				CLANG_ENABLE_OBJC_ARC = YES;
				CLANG_WARN_BOOL_CONVERSION = YES;
				CLANG_WARN_CONSTANT_CONVERSION = YES;
				CLANG_WARN_DIRECT_OBJC_ISA_USAGE = YES_ERROR;
				CLANG_WARN_EMPTY_BODY = YES;
				CLANG_WARN_ENUM_CONVERSION = YES;
				CLANG_WARN_INT_CONVERSION = YES;
				CLANG_WARN_OBJC_ROOT_CLASS = YES_ERROR;
				CLANG_WARN_UNREACHABLE_CODE = YES;
				CLANG_WARN__DUPLICATE_METHOD_MATCH = YES;
				"CODE_SIGN_IDENTITY[sdk=iphoneos*]" = "iPhone Developer";
				COPY_PHASE_STRIP = NO;
				DEBUG_INFORMATION_FORMAT = dwarf;
				ENABLE_STRICT_OBJC_MSGSEND = YES;
				ENABLE_TESTABILITY = YES;
				GCC_C_LANGUAGE_STANDARD = gnu99;
				GCC_DYNAMIC_NO_PIC = NO;
				GCC_NO_COMMON_BLOCKS = YES;
				GCC_OPTIMIZATION_LEVEL = 0;
				GCC_PREPROCESSOR_DEFINITIONS = (
					"DEBUG=1",
					"$(inherited)",
				);
				GCC_WARN_64_TO_32_BIT_CONVERSION = YES;
				GCC_WARN_ABOUT_RETURN_TYPE = YES_ERROR;
				GCC_WARN_UNDECLARED_SELECTOR = YES;
				GCC_WARN_UNINITIALIZED_AUTOS = YES_AGGRESSIVE;
				GCC_WARN_UNUSED_FUNCTION = YES;
				GCC_WARN_UNUSED_VARIABLE = YES;
				IPHONEOS_DEPLOYMENT_TARGET = 9.1;
				MTL_ENABLE_DEBUG_INFO = YES;
				ONLY_ACTIVE_ARCH = YES;
				SDKROOT = iphoneos;
			};
			name = Debug;
		};
		1C16F2C81CFEDF7D0065A48E /* Release */ = {
			isa = XCBuildConfiguration;
			buildSettings = {
				ALWAYS_SEARCH_USER_PATHS = NO;
				CLANG_CXX_LANGUAGE_STANDARD = "gnu++0x";
				CLANG_CXX_LIBRARY = "libc++";
				CLANG_ENABLE_MODULES = YES;
				CLANG_ENABLE_OBJC_ARC = YES;
				CLANG_WARN_BOOL_CONVERSION = YES;
				CLANG_WARN_CONSTANT_CONVERSION = YES;
				CLANG_WARN_DIRECT_OBJC_ISA_USAGE = YES_ERROR;
				CLANG_WARN_EMPTY_BODY = YES;
				CLANG_WARN_ENUM_CONVERSION = YES;
				CLANG_WARN_INT_CONVERSION = YES;
				CLANG_WARN_OBJC_ROOT_CLASS = YES_ERROR;
				CLANG_WARN_UNREACHABLE_CODE = YES;
				CLANG_WARN__DUPLICATE_METHOD_MATCH = YES;
				"CODE_SIGN_IDENTITY[sdk=iphoneos*]" = "iPhone Developer";
				COPY_PHASE_STRIP = NO;
				DEBUG_INFORMATION_FORMAT = "dwarf-with-dsym";
				ENABLE_NS_ASSERTIONS = NO;
				ENABLE_STRICT_OBJC_MSGSEND = YES;
				GCC_C_LANGUAGE_STANDARD = gnu99;
				GCC_NO_COMMON_BLOCKS = YES;
				GCC_WARN_64_TO_32_BIT_CONVERSION = YES;
				GCC_WARN_ABOUT_RETURN_TYPE = YES_ERROR;
				GCC_WARN_UNDECLARED_SELECTOR = YES;
				GCC_WARN_UNINITIALIZED_AUTOS = YES_AGGRESSIVE;
				GCC_WARN_UNUSED_FUNCTION = YES;
				GCC_WARN_UNUSED_VARIABLE = YES;
				IPHONEOS_DEPLOYMENT_TARGET = 9.1;
				MTL_ENABLE_DEBUG_INFO = NO;
				SDKROOT = iphoneos;
				VALIDATE_PRODUCT = YES;
			};
			name = Release;
		};
		1C16F2CA1CFEDF7D0065A48E /* Debug */ = {
			isa = XCBuildConfiguration;
			buildSettings = {
				ASSETCATALOG_COMPILER_APPICON_NAME = AppIcon;
				INFOPLIST_FILE = DesignPatternsBeta/Info.plist;
				LD_RUNPATH_SEARCH_PATHS = "$(inherited) @executable_path/Frameworks";
				PRODUCT_BUNDLE_IDENTIFIER = com.sz.DesignPatternsBeta;
				PRODUCT_NAME = "$(TARGET_NAME)";
			};
			name = Debug;
		};
		1C16F2CB1CFEDF7D0065A48E /* Release */ = {
			isa = XCBuildConfiguration;
			buildSettings = {
				ASSETCATALOG_COMPILER_APPICON_NAME = AppIcon;
				INFOPLIST_FILE = DesignPatternsBeta/Info.plist;
				LD_RUNPATH_SEARCH_PATHS = "$(inherited) @executable_path/Frameworks";
				PRODUCT_BUNDLE_IDENTIFIER = com.sz.DesignPatternsBeta;
				PRODUCT_NAME = "$(TARGET_NAME)";
			};
			name = Release;
		};
		1C16F2CD1CFEDF7D0065A48E /* Debug */ = {
			isa = XCBuildConfiguration;
			buildSettings = {
				BUNDLE_LOADER = "$(TEST_HOST)";
				INFOPLIST_FILE = DesignPatternsBetaTests/Info.plist;
				LD_RUNPATH_SEARCH_PATHS = "$(inherited) @executable_path/Frameworks @loader_path/Frameworks";
				PRODUCT_BUNDLE_IDENTIFIER = com.sz.DesignPatternsBetaTests;
				PRODUCT_NAME = "$(TARGET_NAME)";
				TEST_HOST = "$(BUILT_PRODUCTS_DIR)/DesignPatternsBeta.app/DesignPatternsBeta";
			};
			name = Debug;
		};
		1C16F2CE1CFEDF7D0065A48E /* Release */ = {
			isa = XCBuildConfiguration;
			buildSettings = {
				BUNDLE_LOADER = "$(TEST_HOST)";
				INFOPLIST_FILE = DesignPatternsBetaTests/Info.plist;
				LD_RUNPATH_SEARCH_PATHS = "$(inherited) @executable_path/Frameworks @loader_path/Frameworks";
				PRODUCT_BUNDLE_IDENTIFIER = com.sz.DesignPatternsBetaTests;
				PRODUCT_NAME = "$(TARGET_NAME)";
				TEST_HOST = "$(BUILT_PRODUCTS_DIR)/DesignPatternsBeta.app/DesignPatternsBeta";
			};
			name = Release;
		};
/* End XCBuildConfiguration section */

/* Begin XCConfigurationList section */
		1C16F2A21CFEDF7D0065A48E /* Build configuration list for PBXProject "DesignPatternsBeta" */ = {
			isa = XCConfigurationList;
			buildConfigurations = (
				1C16F2C71CFEDF7D0065A48E /* Debug */,
				1C16F2C81CFEDF7D0065A48E /* Release */,
			);
			defaultConfigurationIsVisible = 0;
			defaultConfigurationName = Release;
		};
		1C16F2C91CFEDF7D0065A48E /* Build configuration list for PBXNativeTarget "DesignPatternsBeta" */ = {
			isa = XCConfigurationList;
			buildConfigurations = (
				1C16F2CA1CFEDF7D0065A48E /* Debug */,
				1C16F2CB1CFEDF7D0065A48E /* Release */,
			);
			defaultConfigurationIsVisible = 0;
		};
		1C16F2CC1CFEDF7D0065A48E /* Build configuration list for PBXNativeTarget "DesignPatternsBetaTests" */ = {
			isa = XCConfigurationList;
			buildConfigurations = (
				1C16F2CD1CFEDF7D0065A48E /* Debug */,
				1C16F2CE1CFEDF7D0065A48E /* Release */,
			);
			defaultConfigurationIsVisible = 0;
		};
/* End XCConfigurationList section */
	};
	rootObject = 1C16F29F1CFEDF7D0065A48E /* Project object */;
}
